github.com/antoniszymanski/option-go v0.4.0 h1:fTgRx8EEsAkZNaj4vwHxlo37uVPBPhq/Y/GKmZbPBBo=
github.com/antoniszymanski/option-go v0.4.0/go.mod h1:7SFqQQpRK81BMwToya76vPllbU//Caj4IpVcdTWlx08=
github.com/dlclark/regexp2 v1.12.0 h1:0j4c5qQmnC6XOWNjP3PIXURXN2gWx76rd3KvgdPkCz8=
github.com/dlclark/regexp2 v1.12.0/go.mod h1:DHkYz0B9wPfa6wondMfaivmHpzrQ3v9q8cnmRbL6yW8=
github.com/dsnet/try v0.0.3 h1:ptR59SsrcFUYbT/FhAbKTV6iLkeD6O18qfIWRml2fqI=
github.com/dsnet/try v0.0.3/go.mod h1:WBM8tRpUmnXXhY1U6/S8dt6UWdHTQ7y8A5YSkRCkq40=
github.com/go-json-experiment/json v0.0.0-20260214004413-d219187c3433 h1:vymEbVwYFP/L05h5TKQxvkXoKxNvTpjxYKdF1Nlwuao=
github.com/go-json-experiment/json v0.0.0-20260214004413-d219187c3433/go.mod h1:tphK2c80bpPhMOI4v6bIc2xWywPfbqi1Z06+RcrMkDg=
github.com/go-sourcemap/sourcemap v2.1.4+incompatible h1:a+iTbH5auLKxaNwQFg0B+TCYl6lbukKPc7b5x0n1s6Q=
github.com/go-sourcemap/sourcemap v2.1.4+incompatible/go.mod h1:F8jJfvm2KbVjc5NqelyYJmf/v5J0dwNLS2mL4sNA1Jg=
github.com/google/pprof v0.0.0-20240727154555-813a5fbdbec8 h1:FKHo8hFI3A+7w0aUQuYXQ+6EN5stWmeY/AZqtM8xk9k=
github.com/google/pprof v0.0.0-20240727154555-813a5fbdbec8/go.mod h1:K1liHPHnj73Fdn/EKuT8nrFqBihUSKXoLYU0BuatOYo=
github.com/grafana/sobek v0.0.0-20260429085637-a66d4790012b h1:mM/qn1luOrRZHT3G+405JMdCx4mGxeLKpOkVBa5+lFw=
github.com/grafana/sobek v0.0.0-20260429085637-a66d4790012b/go.mod h1:8pB+ag4SAbqtDxh1LNTeUI62/5f8mmEACImwbDHoUC0=
github.com/ohayocorp/sobek_nodejs v0.0.0-20250921061224-8763c0e155c9 h1:G9frJHnbKFH2UppudGtu8bE6L+kz4DdWRCRhxtJ4VKc=
github.com/ohayocorp/sobek_nodejs v0.0.0-20250921061224-8763c0e155c9/go.mod h1:qu5LFAvlZU0aM+ivfcFdaSBszenQAfyOpq41j91AAsY=
golang.org/x/net v0.55.0 h1:bcvxaJn3e1U6InsFWt1JUq1aSjnRxLzT2rtD2KfkDF8=
golang.org/x/net v0.55.0/go.mod h1:L5U2KuzuOe1lY7Z+aWVIKK6qEeJXnXV9yzGA+WCHJww=
golang.org/x/text v0.37.0 h1:Cqjiwd9eSg8e0QAkyCaQTNHFIIzWtidPahFWR83rTrc=
golang.org/x/text v0.37.0/go.mod h1:a5sjxXGs9hsn/AJVwuElvCAo9v8QYLzvavO5z2PiM38=
gopkg.in/yaml.v3 v3.0.1 h1:fxVm/GzAzEWqLHuvctI91KS9hhNmmWOoWu0XTYJS7CA=
gopkg.in/yaml.v3 v3.0.1/go.mod h1:K4uyk7z7BCEPqu6E+C64Yfv1cQ7kz7rIZviUmN+EgEM=
